
Microsoft Visual Studio Solution File, Format Version 12.00
# Visual Studio Version 16
VisualStudioVersion = 16.0.31129.286
MinimumVisualStudioVersion = 10.0.40219.1
Project("{9A19103F-16F7-4668-BE54-9A1E7A4F7556}") = "NorthwindAPI", "NorthwindAPI\NorthwindAPI.csproj", "{E5AAAF19-DFD5-44F8-8048-670CB0B8E614}"
EndProject
Project("{9A19103F-16F7-4668-BE54-9A1E7A4F7556}") = "Northwind", "Northwind\Northwind.csproj", "{D0A0A30E-31FE-4827-91EF-768FE604C1F3}"
EndProject
Global
	GlobalSection(SolutionConfigurationPlatforms) = preSolution
		Debug|Any CPU = Debug|Any CPU
		Release|Any CPU = Release|Any CPU
	EndGlobalSection
	GlobalSection(ProjectConfigurationPlatforms) = postSolution
		{E5AAAF19-DFD5-44F8-8048-670CB0B8E614}.Debug|Any CPU.ActiveCfg = Debug|Any CPU
		{E5AAAF19-DFD5-44F8-8048-670CB0B8E614}.Debug|Any CPU.Build.0 = Debug|Any CPU
		{E5AAAF19-DFD5-44F8-8048-670CB0B8E614}.Release|Any CPU.ActiveCfg = Release|Any CPU
		{E5AAAF19-DFD5-44F8-8048-670CB0B8E614}.Release|Any CPU.Build.0 = Release|Any CPU
		{D0A0A30E-31FE-4827-91EF-768FE604C1F3}.Debug|Any CPU.ActiveCfg = Debug|Any CPU
		{D0A0A30E-31FE-4827-91EF-768FE604C1F3}.Debug|Any CPU.Build.0 = Debug|Any CPU
		{D0A0A30E-31FE-4827-91EF-768FE604C1F3}.Release|Any CPU.ActiveCfg = Release|Any CPU
		{D0A0A30E-31FE-4827-91EF-768FE604C1F3}.Release|Any CPU.Build.0 = Release|Any CPU
	EndGlobalSection
	GlobalSection(SolutionProperties) = preSolution
		HideSolutionNode = FALSE
	EndGlobalSection
	GlobalSection(ExtensibilityGlobals) = postSolution
		SolutionGuid = {60673155-6D85-491C-A437-A0BEA41341BF}
	EndGlobalSection
EndGlobal
